
Microsoft Visual Studio Solution File, Format Version 11.00
# Visual Studio 2010
Project("{FAE04EC0-301F-11D3-BF4B-00C04F79EFBC}") = "Graphic", "Graphic\Graphic\Graphic.csproj", "{A06AD6FC-794C-41A4-97C6-2A688F19AE8C}"
EndProject
Project("{96E2B04D-8817-42C6-938A-82C39BA4D311}") = "GraphicContent", "Graphic\GraphicContent\GraphicContent.contentproj", "{BAB9BE13-A19D-4ED1-8213-FA75F616D1EF}"
EndProject
Global
	GlobalSection(SolutionConfigurationPlatforms) = preSolution
		Debug|x86 = Debug|x86
		Release|x86 = Release|x86
	EndGlobalSection
	GlobalSection(ProjectConfigurationPlatforms) = postSolution
		{A06AD6FC-794C-41A4-97C6-2A688F19AE8C}.Debug|x86.ActiveCfg = Debug|x86
		{A06AD6FC-794C-41A4-97C6-2A688F19AE8C}.Debug|x86.Build.0 = Debug|x86
		{A06AD6FC-794C-41A4-97C6-2A688F19AE8C}.Release|x86.ActiveCfg = Release|x86
		{A06AD6FC-794C-41A4-97C6-2A688F19AE8C}.Release|x86.Build.0 = Release|x86
		{BAB9BE13-A19D-4ED1-8213-FA75F616D1EF}.Debug|x86.ActiveCfg = Debug|x86
		{BAB9BE13-A19D-4ED1-8213-FA75F616D1EF}.Release|x86.ActiveCfg = Release|x86
	EndGlobalSection
	GlobalSection(SolutionProperties) = preSolution
		HideSolutionNode = FALSE
	EndGlobalSection
EndGlobal
